// !$*UTF8*$!
{
	archiveVersion = 1;
	classes = {
	};
	objectVersion = 45;
	objects = {

/* Begin PBXBuildFile section */
		8D5B49B0048680CD000E48DA /* InfoPlist.strings in Resources */ = {isa = PBXBuildFile; fileRef = 089C167DFE841241C02AAC07 /* InfoPlist.strings */; };
		8D5B49B4048680CD000E48DA /* Cocoa.framework in Frameworks */ = {isa = PBXBuildFile; fileRef = 1058C7ADFEA557BF11CA2CBB /* Cocoa.framework */; };
		FA35C10E0F5AABB3002FCE77 /* GrowlITTSWPrefs.m in Sources */ = {isa = PBXBuildFile; fileRef = FA4A47200F5A3C2A00F37A2B /* GrowlITTSWPrefs.m */; };
		FA4A47250F5A3C2A00F37A2B /* GrowlITTSWDisplay.m in Sources */ = {isa = PBXBuildFile; fileRef = FA4A471E0F5A3C2A00F37A2B /* GrowlITTSWDisplay.m */; };
		FA4A47270F5A3C2A00F37A2B /* GrowlITTSWController.m in Sources */ = {isa = PBXBuildFile; fileRef = FA4A47220F5A3C2A00F37A2B /* GrowlITTSWController.m */; };
		FA4A47400F5A3C7100F37A2B /* ITKit.framework in Frameworks */ = {isa = PBXBuildFile; fileRef = FA4A473D0F5A3C6900F37A2B /* ITKit.framework */; };
		FA4A47410F5A3C7300F37A2B /* ITFoundation.framework in Frameworks */ = {isa = PBXBuildFile; fileRef = FA4A47340F5A3C5900F37A2B /* ITFoundation.framework */; };
		FA4A47510F5A3CFC00F37A2B /* GrowlITTSWPrefs.nib in Resources */ = {isa = PBXBuildFile; fileRef = FA4A474F0F5A3CFC00F37A2B /* GrowlITTSWPrefs.nib */; };
		FA5074430F5A56DA008DEAD9 /* ITFoundation.framework in CopyFiles */ = {isa = PBXBuildFile; fileRef = FA4A47340F5A3C5900F37A2B /* ITFoundation.framework */; };
		FA5074440F5A56DD008DEAD9 /* ITKit.framework in CopyFiles */ = {isa = PBXBuildFile; fileRef = FA4A473D0F5A3C6900F37A2B /* ITKit.framework */; };
		FA50774D0F5A7A2D008DEAD9 /* PreferencePanes.framework in Frameworks */ = {isa = PBXBuildFile; fileRef = FA50774C0F5A7A2D008DEAD9 /* PreferencePanes.framework */; };
		FA7C86AB0F5A936900213B2E /* RegexKitLite.m in Sources */ = {isa = PBXBuildFile; fileRef = FA7C86A90F5A936900213B2E /* RegexKitLite.m */; };
		FA7C86D00F5A93DF00213B2E /* libicucore.dylib in Frameworks */ = {isa = PBXBuildFile; fileRef = FA7C86CF0F5A93DF00213B2E /* libicucore.dylib */; };
		FA7C87DA0F5A9C3400213B2E /* GrowlITTSWWindow.m in Sources */ = {isa = PBXBuildFile; fileRef = FA4A47240F5A3C2A00F37A2B /* GrowlITTSWWindow.m */; };
/* End PBXBuildFile section */

/* Begin PBXContainerItemProxy section */
		FA4A47330F5A3C5900F37A2B /* PBXContainerItemProxy */ = {
			isa = PBXContainerItemProxy;
			containerPortal = FA4A472F0F5A3C5900F37A2B /* ITFoundation.xcodeproj */;
			proxyType = 2;
			remoteGlobalIDString = 8DC2EF5B0486A6940098B216;
			remoteInfo = ITFoundation;
		};
		FA4A473C0F5A3C6900F37A2B /* PBXContainerItemProxy */ = {
			isa = PBXContainerItemProxy;
			containerPortal = FA4A47370F5A3C6900F37A2B /* ITKit.xcodeproj */;
			proxyType = 2;
			remoteGlobalIDString = 8DC2EF5B0486A6940098B216;
			remoteInfo = ITKit;
		};
		FA4A473E0F5A3C6900F37A2B /* PBXContainerItemProxy */ = {
			isa = PBXContainerItemProxy;
			containerPortal = FA4A47370F5A3C6900F37A2B /* ITKit.xcodeproj */;
			proxyType = 2;
			remoteGlobalIDString = 7C992F87054F5389000B93EA;
			remoteInfo = ITKitShowcase;
		};
		FA4A47490F5A3CD300F37A2B /* PBXContainerItemProxy */ = {
			isa = PBXContainerItemProxy;
			containerPortal = FA4A472F0F5A3C5900F37A2B /* ITFoundation.xcodeproj */;
			proxyType = 1;
			remoteGlobalIDString = 8DC2EF4F0486A6940098B216;
			remoteInfo = ITFoundation;
		};
		FA4A474B0F5A3CD500F37A2B /* PBXContainerItemProxy */ = {
			isa = PBXContainerItemProxy;
			containerPortal = FA4A47370F5A3C6900F37A2B /* ITKit.xcodeproj */;
			proxyType = 1;
			remoteGlobalIDString = 8DC2EF4F0486A6940098B216;
			remoteInfo = ITKit;
		};
/* End PBXContainerItemProxy section */

/* Begin PBXCopyFilesBuildPhase section */
		FA50745D0F5A570F008DEAD9 /* CopyFiles */ = {
			isa = PBXCopyFilesBuildPhase;
			buildActionMask = 2147483647;
			dstPath = "";
			dstSubfolderSpec = 10;
			files = (
				FA5074430F5A56DA008DEAD9 /* ITFoundation.framework in CopyFiles */,
				FA5074440F5A56DD008DEAD9 /* ITKit.framework in CopyFiles */,
			);
			runOnlyForDeploymentPostprocessing = 0;
		};
/* End PBXCopyFilesBuildPhase section */

/* Begin PBXFileReference section */
		089C1672FE841209C02AAC07 /* Foundation.framework */ = {isa = PBXFileReference; lastKnownFileType = wrapper.framework; name = Foundation.framework; path = /System/Library/Frameworks/Foundation.framework; sourceTree = "<absolute>"; };
		089C167EFE841241C02AAC07 /* English */ = {isa = PBXFileReference; fileEncoding = 10; lastKnownFileType = text.plist.strings; name = English; path = English.lproj/InfoPlist.strings; sourceTree = "<group>"; };
		089C167FFE841241C02AAC07 /* AppKit.framework */ = {isa = PBXFileReference; lastKnownFileType = wrapper.framework; name = AppKit.framework; path = /System/Library/Frameworks/AppKit.framework; sourceTree = "<absolute>"; };
		1058C7ADFEA557BF11CA2CBB /* Cocoa.framework */ = {isa = PBXFileReference; lastKnownFileType = wrapper.framework; name = Cocoa.framework; path = /System/Library/Frameworks/Cocoa.framework; sourceTree = "<absolute>"; };
		32DBCF630370AF2F00C91783 /* GrowlITTSW_Prefix.pch */ = {isa = PBXFileReference; fileEncoding = 4; lastKnownFileType = sourcecode.c.h; path = GrowlITTSW_Prefix.pch; sourceTree = "<group>"; };
		8D5B49B6048680CD000E48DA /* ITTSW.growlView */ = {isa = PBXFileReference; explicitFileType = wrapper.cfbundle; includeInIndex = 0; path = ITTSW.growlView; sourceTree = BUILT_PRODUCTS_DIR; };
		8D5B49B7048680CD000E48DA /* Info.plist */ = {isa = PBXFileReference; fileEncoding = 4; lastKnownFileType = text.plist.xml; path = Info.plist; sourceTree = "<group>"; };
		D2F7E65807B2D6F200F64583 /* CoreData.framework */ = {isa = PBXFileReference; lastKnownFileType = wrapper.framework; name = CoreData.framework; path = /System/Library/Frameworks/CoreData.framework; sourceTree = "<absolute>"; };
		FA4A471D0F5A3C2A00F37A2B /* GrowlITTSWDisplay.h */ = {isa = PBXFileReference; fileEncoding = 4; lastKnownFileType = sourcecode.c.h; path = GrowlITTSWDisplay.h; sourceTree = "<group>"; };
		FA4A471E0F5A3C2A00F37A2B /* GrowlITTSWDisplay.m */ = {isa = PBXFileReference; fileEncoding = 4; lastKnownFileType = sourcecode.c.objc; path = GrowlITTSWDisplay.m; sourceTree = "<group>"; };
		FA4A471F0F5A3C2A00F37A2B /* GrowlITTSWPrefs.h */ = {isa = PBXFileReference; fileEncoding = 4; lastKnownFileType = sourcecode.c.h; path = GrowlITTSWPrefs.h; sourceTree = "<group>"; };
		FA4A47200F5A3C2A00F37A2B /* GrowlITTSWPrefs.m */ = {isa = PBXFileReference; fileEncoding = 4; lastKnownFileType = sourcecode.c.objc; path = GrowlITTSWPrefs.m; sourceTree = "<group>"; };
		FA4A47210F5A3C2A00F37A2B /* GrowlITTSWController.h */ = {isa = PBXFileReference; fileEncoding = 4; lastKnownFileType = sourcecode.c.h; path = GrowlITTSWController.h; sourceTree = "<group>"; };
		FA4A47220F5A3C2A00F37A2B /* GrowlITTSWController.m */ = {isa = PBXFileReference; fileEncoding = 4; lastKnownFileType = sourcecode.c.objc; path = GrowlITTSWController.m; sourceTree = "<group>"; };
		FA4A47230F5A3C2A00F37A2B /* GrowlITTSWWindow.h */ = {isa = PBXFileReference; fileEncoding = 4; lastKnownFileType = sourcecode.c.h; path = GrowlITTSWWindow.h; sourceTree = "<group>"; };
		FA4A47240F5A3C2A00F37A2B /* GrowlITTSWWindow.m */ = {isa = PBXFileReference; fileEncoding = 4; lastKnownFileType = sourcecode.c.objc; path = GrowlITTSWWindow.m; sourceTree = "<group>"; };
		FA4A472B0F5A3C3100F37A2B /* GrowlPlugin.h */ = {isa = PBXFileReference; fileEncoding = 4; lastKnownFileType = sourcecode.c.h; path = GrowlPlugin.h; sourceTree = "<group>"; };
		FA4A472C0F5A3C3100F37A2B /* GrowlDisplayPlugin.h */ = {isa = PBXFileReference; fileEncoding = 4; lastKnownFileType = sourcecode.c.h; path = GrowlDisplayPlugin.h; sourceTree = "<group>"; };
		FA4A472F0F5A3C5900F37A2B /* ITFoundation.xcodeproj */ = {isa = PBXFileReference; lastKnownFileType = "wrapper.pb-project"; name = ITFoundation.xcodeproj; path = ../ITFoundation/ITFoundation.xcodeproj; sourceTree = SOURCE_ROOT; };
		FA4A47370F5A3C6900F37A2B /* ITKit.xcodeproj */ = {isa = PBXFileReference; lastKnownFileType = "wrapper.pb-project"; name = ITKit.xcodeproj; path = ../ITKit/ITKit.xcodeproj; sourceTree = SOURCE_ROOT; };
		FA4A47500F5A3CFC00F37A2B /* English */ = {isa = PBXFileReference; lastKnownFileType = wrapper.nib; name = English; path = English.lproj/GrowlITTSWPrefs.nib; sourceTree = "<group>"; };
		FA50739B0F5A4D74008DEAD9 /* GrowlDefinesInternal.h */ = {isa = PBXFileReference; fileEncoding = 4; lastKnownFileType = sourcecode.c.h; path = GrowlDefinesInternal.h; sourceTree = "<group>"; };
		FA5073AA0F5A4D9A008DEAD9 /* GrowlApplicationNotification.h */ = {isa = PBXFileReference; fileEncoding = 4; lastKnownFileType = sourcecode.c.h; path = GrowlApplicationNotification.h; sourceTree = "<group>"; };
		FA5074060F5A5562008DEAD9 /* GrowlDefines.h */ = {isa = PBXFileReference; fileEncoding = 4; lastKnownFileType = sourcecode.c.h; path = GrowlDefines.h; sourceTree = "<group>"; };
		FA50774C0F5A7A2D008DEAD9 /* PreferencePanes.framework */ = {isa = PBXFileReference; lastKnownFileType = wrapper.framework; name = PreferencePanes.framework; path = /System/Library/Frameworks/PreferencePanes.framework; sourceTree = "<absolute>"; };
		FA66876D0F5D1B7F00B82AE3 /* COPYING */ = {isa = PBXFileReference; fileEncoding = 4; lastKnownFileType = text; path = COPYING; sourceTree = "<group>"; };
		FA66876E0F5D1B7F00B82AE3 /* LICENSE */ = {isa = PBXFileReference; fileEncoding = 4; lastKnownFileType = text; path = LICENSE; sourceTree = "<group>"; };
		FA7C86A90F5A936900213B2E /* RegexKitLite.m */ = {isa = PBXFileReference; fileEncoding = 4; lastKnownFileType = sourcecode.c.objc; path = RegexKitLite.m; sourceTree = "<group>"; };
		FA7C86AA0F5A936900213B2E /* RegexKitLite.h */ = {isa = PBXFileReference; fileEncoding = 4; lastKnownFileType = sourcecode.c.h; path = RegexKitLite.h; sourceTree = "<group>"; };
		FA7C86CF0F5A93DF00213B2E /* libicucore.dylib */ = {isa = PBXFileReference; lastKnownFileType = "compiled.mach-o.dylib"; name = libicucore.dylib; path = /usr/lib/libicucore.dylib; sourceTree = "<absolute>"; };
		FA7C87E80F5A9FCB00213B2E /* GrowlPositioningDefines.h */ = {isa = PBXFileReference; fileEncoding = 4; lastKnownFileType = sourcecode.c.h; path = GrowlPositioningDefines.h; sourceTree = "<group>"; };
/* End PBXFileReference section */

/* Begin PBXFrameworksBuildPhase section */
		8D5B49B3048680CD000E48DA /* Frameworks */ = {
			isa = PBXFrameworksBuildPhase;
			buildActionMask = 2147483647;
			files = (
				8D5B49B4048680CD000E48DA /* Cocoa.framework in Frameworks */,
				FA4A47400F5A3C7100F37A2B /* ITKit.framework in Frameworks */,
				FA4A47410F5A3C7300F37A2B /* ITFoundation.framework in Frameworks */,
				FA50774D0F5A7A2D008DEAD9 /* PreferencePanes.framework in Frameworks */,
				FA7C86D00F5A93DF00213B2E /* libicucore.dylib in Frameworks */,
			);
			runOnlyForDeploymentPostprocessing = 0;
		};
/* End PBXFrameworksBuildPhase section */

/* Begin PBXGroup section */
		089C166AFE841209C02AAC07 /* GrowlITTSW */ = {
			isa = PBXGroup;
			children = (
				08FB77AFFE84173DC02AAC07 /* Classes */,
				32C88E010371C26100C91783 /* Other Sources */,
				089C167CFE841241C02AAC07 /* Resources */,
				089C1671FE841209C02AAC07 /* Frameworks and Libraries */,
				19C28FB8FE9D52D311CA2CBB /* Products */,
			);
			name = GrowlITTSW;
			sourceTree = "<group>";
		};
		089C1671FE841209C02AAC07 /* Frameworks and Libraries */ = {
			isa = PBXGroup;
			children = (
				FA4A472F0F5A3C5900F37A2B /* ITFoundation.xcodeproj */,
				FA4A47370F5A3C6900F37A2B /* ITKit.xcodeproj */,
				1058C7ACFEA557BF11CA2CBB /* Linked Frameworks */,
				1058C7AEFEA557BF11CA2CBB /* Other Frameworks */,
			);
			name = "Frameworks and Libraries";
			sourceTree = "<group>";
		};
		089C167CFE841241C02AAC07 /* Resources */ = {
			isa = PBXGroup;
			children = (
				FA4A474F0F5A3CFC00F37A2B /* GrowlITTSWPrefs.nib */,
				8D5B49B7048680CD000E48DA /* Info.plist */,
				089C167DFE841241C02AAC07 /* InfoPlist.strings */,
				FA66876D0F5D1B7F00B82AE3 /* COPYING */,
				FA66876E0F5D1B7F00B82AE3 /* LICENSE */,
			);
			name = Resources;
			sourceTree = "<group>";
		};
		08FB77AFFE84173DC02AAC07 /* Classes */ = {
			isa = PBXGroup;
			children = (
				FA4A471D0F5A3C2A00F37A2B /* GrowlITTSWDisplay.h */,
				FA4A471E0F5A3C2A00F37A2B /* GrowlITTSWDisplay.m */,
				FA4A471F0F5A3C2A00F37A2B /* GrowlITTSWPrefs.h */,
				FA4A47200F5A3C2A00F37A2B /* GrowlITTSWPrefs.m */,
				FA4A47210F5A3C2A00F37A2B /* GrowlITTSWController.h */,
				FA4A47220F5A3C2A00F37A2B /* GrowlITTSWController.m */,
				FA4A47230F5A3C2A00F37A2B /* GrowlITTSWWindow.h */,
				FA4A47240F5A3C2A00F37A2B /* GrowlITTSWWindow.m */,
			);
			name = Classes;
			sourceTree = "<group>";
		};
		1058C7ACFEA557BF11CA2CBB /* Linked Frameworks */ = {
			isa = PBXGroup;
			children = (
				FA7C86CF0F5A93DF00213B2E /* libicucore.dylib */,
				1058C7ADFEA557BF11CA2CBB /* Cocoa.framework */,
				FA50774C0F5A7A2D008DEAD9 /* PreferencePanes.framework */,
			);
			name = "Linked Frameworks";
			sourceTree = "<group>";
		};
		1058C7AEFEA557BF11CA2CBB /* Other Frameworks */ = {
			isa = PBXGroup;
			children = (
				089C167FFE841241C02AAC07 /* AppKit.framework */,
				D2F7E65807B2D6F200F64583 /* CoreData.framework */,
				089C1672FE841209C02AAC07 /* Foundation.framework */,
			);
			name = "Other Frameworks";
			sourceTree = "<group>";
		};
		19C28FB8FE9D52D311CA2CBB /* Products */ = {
			isa = PBXGroup;
			children = (
				8D5B49B6048680CD000E48DA /* ITTSW.growlView */,
			);
			name = Products;
			sourceTree = "<group>";
		};
		32C88E010371C26100C91783 /* Other Sources */ = {
			isa = PBXGroup;
			children = (
				FA7C86AA0F5A936900213B2E /* RegexKitLite.h */,
				FA7C86A90F5A936900213B2E /* RegexKitLite.m */,
				FA5074060F5A5562008DEAD9 /* GrowlDefines.h */,
				FA50739B0F5A4D74008DEAD9 /* GrowlDefinesInternal.h */,
				FA7C87E80F5A9FCB00213B2E /* GrowlPositioningDefines.h */,
				FA5073AA0F5A4D9A008DEAD9 /* GrowlApplicationNotification.h */,
				FA4A472B0F5A3C3100F37A2B /* GrowlPlugin.h */,
				FA4A472C0F5A3C3100F37A2B /* GrowlDisplayPlugin.h */,
				32DBCF630370AF2F00C91783 /* GrowlITTSW_Prefix.pch */,
			);
			name = "Other Sources";
			sourceTree = "<group>";
		};
		FA4A47300F5A3C5900F37A2B /* Products */ = {
			isa = PBXGroup;
			children = (
				FA4A47340F5A3C5900F37A2B /* ITFoundation.framework */,
			);
			name = Products;
			sourceTree = "<group>";
		};
		FA4A47380F5A3C6900F37A2B /* Products */ = {
			isa = PBXGroup;
			children = (
				FA4A473D0F5A3C6900F37A2B /* ITKit.framework */,
				FA4A473F0F5A3C6900F37A2B /* ITKitShowcase.app */,
			);
			name = Products;
			sourceTree = "<group>";
		};
/* End PBXGroup section */

/* Begin PBXNativeTarget section */
		8D5B49AC048680CD000E48DA /* ITTSW */ = {
			isa = PBXNativeTarget;
			buildConfigurationList = 1DEB913A08733D840010E9CD /* Build configuration list for PBXNativeTarget "ITTSW" */;
			buildPhases = (
				8D5B49AF048680CD000E48DA /* Resources */,
				8D5B49B1048680CD000E48DA /* Sources */,
				8D5B49B3048680CD000E48DA /* Frameworks */,
				FA50745D0F5A570F008DEAD9 /* CopyFiles */,
				FA50761F0F5A692D008DEAD9 /* ShellScript */,
			);
			buildRules = (
			);
			dependencies = (
				FA4A474A0F5A3CD300F37A2B /* PBXTargetDependency */,
				FA4A474C0F5A3CD500F37A2B /* PBXTargetDependency */,
			);
			name = ITTSW;
			productInstallPath = "$(HOME)/Library/Bundles";
			productName = GrowlITTSW;
			productReference = 8D5B49B6048680CD000E48DA /* ITTSW.growlView */;
			productType = "com.apple.product-type.bundle";
		};
/* End PBXNativeTarget section */

/* Begin PBXProject section */
		089C1669FE841209C02AAC07 /* Project object */ = {
			isa = PBXProject;
			buildConfigurationList = 1DEB913E08733D840010E9CD /* Build configuration list for PBXProject "GrowlITTSW" */;
			compatibilityVersion = "Xcode 3.1";
			hasScannedForEncodings = 1;
			mainGroup = 089C166AFE841209C02AAC07 /* GrowlITTSW */;
			projectDirPath = "";
			projectReferences = (
				{
					ProductGroup = FA4A47300F5A3C5900F37A2B /* Products */;
					ProjectRef = FA4A472F0F5A3C5900F37A2B /* ITFoundation.xcodeproj */;
				},
				{
					ProductGroup = FA4A47380F5A3C6900F37A2B /* Products */;
					ProjectRef = FA4A47370F5A3C6900F37A2B /* ITKit.xcodeproj */;
				},
			);
			projectRoot = "";
			targets = (
				8D5B49AC048680CD000E48DA /* ITTSW */,
			);
		};
/* End PBXProject section */

/* Begin PBXReferenceProxy section */
		FA4A47340F5A3C5900F37A2B /* ITFoundation.framework */ = {
			isa = PBXReferenceProxy;
			fileType = wrapper.framework;
			path = ITFoundation.framework;
			remoteRef = FA4A47330F5A3C5900F37A2B /* PBXContainerItemProxy */;
			sourceTree = BUILT_PRODUCTS_DIR;
		};
		FA4A473D0F5A3C6900F37A2B /* ITKit.framework */ = {
			isa = PBXReferenceProxy;
			fileType = wrapper.framework;
			path = ITKit.framework;
			remoteRef = FA4A473C0F5A3C6900F37A2B /* PBXContainerItemProxy */;
			sourceTree = BUILT_PRODUCTS_DIR;
		};
		FA4A473F0F5A3C6900F37A2B /* ITKitShowcase.app */ = {
			isa = PBXReferenceProxy;
			fileType = wrapper.application;
			path = ITKitShowcase.app;
			remoteRef = FA4A473E0F5A3C6900F37A2B /* PBXContainerItemProxy */;
			sourceTree = BUILT_PRODUCTS_DIR;
		};
/* End PBXReferenceProxy section */

/* Begin PBXResourcesBuildPhase section */
		8D5B49AF048680CD000E48DA /* Resources */ = {
			isa = PBXResourcesBuildPhase;
			buildActionMask = 2147483647;
			files = (
				8D5B49B0048680CD000E48DA /* InfoPlist.strings in Resources */,
				FA4A47510F5A3CFC00F37A2B /* GrowlITTSWPrefs.nib in Resources */,
			);
			runOnlyForDeploymentPostprocessing = 0;
		};
/* End PBXResourcesBuildPhase section */

/* Begin PBXShellScriptBuildPhase section */
		FA50761F0F5A692D008DEAD9 /* ShellScript */ = {
			isa = PBXShellScriptBuildPhase;
			buildActionMask = 2147483647;
			files = (
			);
			inputPaths = (
			);
			outputPaths = (
			);
			runOnlyForDeploymentPostprocessing = 0;
			shellPath = /bin/sh;
			shellScript = "install_name_tool -change \\\n\t\"@executable_path/../Frameworks/ITFoundation.framework/Versions/A/ITFoundation\" \\\n\t\"@loader_path/../Frameworks/ITFoundation.framework/Versions/A/ITFoundation\" \\\n\t\"$TARGET_BUILD_DIR/$EXECUTABLE_FOLDER_PATH/$EXECUTABLE_NAME\"\n\ninstall_name_tool -change \\\n\t\"@executable_path/../Frameworks/ITKit.framework/Versions/A/ITKit\" \\\n\t\"@loader_path/../Frameworks/ITKit.framework/Versions/A/ITKit\" \\\n\t\"$TARGET_BUILD_DIR/$EXECUTABLE_FOLDER_PATH/$EXECUTABLE_NAME\"\n\ninstall_name_tool -change \\\n\t\"@executable_path/../Frameworks/ITFoundation.framework/Versions/A/ITFoundation\" \\\n\t\"@loader_path/../../../../Frameworks/ITFoundation.framework/Versions/A/ITFoundation\" \\\n\t\"$TARGET_BUILD_DIR/$FRAMEWORKS_FOLDER_PATH/ITKit.framework/Versions/A/ITKit\"";
		};
/* End PBXShellScriptBuildPhase section */

/* Begin PBXSourcesBuildPhase section */
		8D5B49B1048680CD000E48DA /* Sources */ = {
			isa = PBXSourcesBuildPhase;
			buildActionMask = 2147483647;
			files = (
				FA4A47250F5A3C2A00F37A2B /* GrowlITTSWDisplay.m in Sources */,
				FA4A47270F5A3C2A00F37A2B /* GrowlITTSWController.m in Sources */,
				FA7C86AB0F5A936900213B2E /* RegexKitLite.m in Sources */,
				FA7C87DA0F5A9C3400213B2E /* GrowlITTSWWindow.m in Sources */,
				FA35C10E0F5AABB3002FCE77 /* GrowlITTSWPrefs.m in Sources */,
			);
			runOnlyForDeploymentPostprocessing = 0;
		};
/* End PBXSourcesBuildPhase section */

/* Begin PBXTargetDependency section */
		FA4A474A0F5A3CD300F37A2B /* PBXTargetDependency */ = {
			isa = PBXTargetDependency;
			name = ITFoundation;
			targetProxy = FA4A47490F5A3CD300F37A2B /* PBXContainerItemProxy */;
		};
		FA4A474C0F5A3CD500F37A2B /* PBXTargetDependency */ = {
			isa = PBXTargetDependency;
			name = ITKit;
			targetProxy = FA4A474B0F5A3CD500F37A2B /* PBXContainerItemProxy */;
		};
/* End PBXTargetDependency section */

/* Begin PBXVariantGroup section */
		089C167DFE841241C02AAC07 /* InfoPlist.strings */ = {
			isa = PBXVariantGroup;
			children = (
				089C167EFE841241C02AAC07 /* English */,
			);
			name = InfoPlist.strings;
			sourceTree = "<group>";
		};
		FA4A474F0F5A3CFC00F37A2B /* GrowlITTSWPrefs.nib */ = {
			isa = PBXVariantGroup;
			children = (
				FA4A47500F5A3CFC00F37A2B /* English */,
			);
			name = GrowlITTSWPrefs.nib;
			sourceTree = "<group>";
		};
/* End PBXVariantGroup section */

/* Begin XCBuildConfiguration section */
		1DEB913B08733D840010E9CD /* Debug */ = {
			isa = XCBuildConfiguration;
			buildSettings = {
				ALWAYS_SEARCH_USER_PATHS = NO;
				COPY_PHASE_STRIP = NO;
				GCC_DYNAMIC_NO_PIC = NO;
				GCC_ENABLE_FIX_AND_CONTINUE = YES;
				GCC_MODEL_TUNING = G5;
				GCC_OPTIMIZATION_LEVEL = 0;
				GCC_PRECOMPILE_PREFIX_HEADER = YES;
				GCC_PREFIX_HEADER = GrowlITTSW_Prefix.pch;
				INFOPLIST_FILE = Info.plist;
				INSTALL_PATH = "$(USER_LIBRARY_DIR)/Application Support/Growl/Plugins";
				LIBRARY_STYLE = BUNDLE;
				OTHER_LDFLAGS = (
					"-undefined",
					dynamic_lookup,
				);
				PRODUCT_NAME = ITTSW;
				REZ_RESOURCE_MAP_READ_ONLY = YES;
				WRAPPER_EXTENSION = growlView;
			};
			name = Debug;
		};
		1DEB913C08733D840010E9CD /* Release */ = {
			isa = XCBuildConfiguration;
			buildSettings = {
				ALWAYS_SEARCH_USER_PATHS = NO;
				DEBUG_INFORMATION_FORMAT = "dwarf-with-dsym";
				GCC_MODEL_TUNING = G5;
				GCC_PRECOMPILE_PREFIX_HEADER = YES;
				GCC_PREFIX_HEADER = GrowlITTSW_Prefix.pch;
				INFOPLIST_FILE = Info.plist;
				INSTALL_PATH = "$(USER_LIBRARY_DIR)/Application Support/Growl/Plugins";
				LIBRARY_STYLE = BUNDLE;
				OTHER_LDFLAGS = (
					"-undefined",
					dynamic_lookup,
				);
				PRODUCT_NAME = ITTSW;
				REZ_RESOURCE_MAP_READ_ONLY = YES;
				WRAPPER_EXTENSION = growlView;
			};
			name = Release;
		};
		1DEB913F08733D840010E9CD /* Debug */ = {
			isa = XCBuildConfiguration;
			buildSettings = {
				ARCHS = "$(ARCHS_STANDARD_32_64_BIT)";
				GCC_C_LANGUAGE_STANDARD = c99;
				GCC_ENABLE_OBJC_GC = supported;
				GCC_OPTIMIZATION_LEVEL = 0;
				GCC_WARN_ABOUT_RETURN_TYPE = YES;
				GCC_WARN_UNUSED_VARIABLE = YES;
				ONLY_ACTIVE_ARCH = YES;
				PREBINDING = NO;
				SDKROOT = macosx10.5;
			};
			name = Debug;
		};
		1DEB914008733D840010E9CD /* Release */ = {
			isa = XCBuildConfiguration;
			buildSettings = {
				ARCHS = "$(ARCHS_STANDARD_32_64_BIT)";
				GCC_C_LANGUAGE_STANDARD = c99;
				GCC_ENABLE_OBJC_GC = supported;
				GCC_WARN_ABOUT_RETURN_TYPE = YES;
				GCC_WARN_UNUSED_VARIABLE = YES;
				PREBINDING = NO;
				SDKROOT = macosx10.5;
			};
			name = Release;
		};
/* End XCBuildConfiguration section */

/* Begin XCConfigurationList section */
		1DEB913A08733D840010E9CD /* Build configuration list for PBXNativeTarget "ITTSW" */ = {
			isa = XCConfigurationList;
			buildConfigurations = (
				1DEB913B08733D840010E9CD /* Debug */,
				1DEB913C08733D840010E9CD /* Release */,
			);
			defaultConfigurationIsVisible = 0;
			defaultConfigurationName = Release;
		};
		1DEB913E08733D840010E9CD /* Build configuration list for PBXProject "GrowlITTSW" */ = {
			isa = XCConfigurationList;
			buildConfigurations = (
				1DEB913F08733D840010E9CD /* Debug */,
				1DEB914008733D840010E9CD /* Release */,
			);
			defaultConfigurationIsVisible = 0;
			defaultConfigurationName = Release;
		};
/* End XCConfigurationList section */
	};
	rootObject = 089C1669FE841209C02AAC07 /* Project object */;
}
